PODS:
  - Capacitor (6.1.2):
    - CapacitorCordova
  - CapacitorApp (6.0.1):
    - Capacitor
  - CapacitorCamera (6.0.2):
    - Capacitor
  - CapacitorCommunityBackgroundGeolocation (0.0.1):
    - Capacitor
  - CapacitorCommunitySqlite (6.0.2):
    - Capacitor
    - SQLCipher
    - ZIPFoundation
  - CapacitorCordova (6.1.2)
  - CapacitorFilesystem (6.0.1):
    - Capacitor
  - CapacitorNetwork (6.0.2):
    - Capacitor
  - CapacitorPreferences (6.0.2):
    - Capacitor
  - CapacitorShare (6.0.2):
    - Capacitor
  - CapacitorZip (1.0.4):
    - Capacitor
    - SSZipArchive
  - CapawesomeCapacitorFilePicker (6.0.1):
    - Capacitor
  - CordovaPlugins (6.1.2):
    - CapacitorCordova
  - CordovaPluginsResources (0.0.105)
  - SQLCipher (4.5.4):
    - SQLCipher/standard (= 4.5.4)
  - SQLCipher/common (4.5.4)
  - SQLCipher/standard (4.5.4):
    - SQLCipher/common
  - SSZipArchive (2.4.3)
  - ZIPFoundation (0.9.16)

DEPENDENCIES:
  - "Capacitor (from `../../node_modules/@capacitor/ios`)"
  - "CapacitorApp (from `../../node_modules/@capacitor/app`)"
  - "CapacitorCamera (from `../../node_modules/@capacitor/camera`)"
  - "CapacitorCommunityBackgroundGeolocation (from `../../node_modules/@capacitor-community/background-geolocation`)"
  - "CapacitorCommunitySqlite (from `../../node_modules/@capacitor-community/sqlite`)"
  - "CapacitorCordova (from `../../node_modules/@capacitor/ios`)"
  - "CapacitorFilesystem (from `../../node_modules/@capacitor/filesystem`)"
  - "CapacitorNetwork (from `../../node_modules/@capacitor/network`)"
  - "CapacitorPreferences (from `../../node_modules/@capacitor/preferences`)"
  - "CapacitorShare (from `../../node_modules/@capacitor/share`)"
  - CapacitorZip (from `../../node_modules/capacitor-zip`)
  - "CapawesomeCapacitorFilePicker (from `../../node_modules/@capawesome/capacitor-file-picker`)"
  - CordovaPlugins (from `../capacitor-cordova-ios-plugins`)
  - CordovaPluginsResources (from `../capacitor-cordova-ios-plugins`)

SPEC REPOS:
  trunk:
    - SQLCipher
    - SSZipArchive
    - ZIPFoundation

EXTERNAL SOURCES:
  Capacitor:
    :path: "../../node_modules/@capacitor/ios"
  CapacitorApp:
    :path: "../../node_modules/@capacitor/app"
  CapacitorCamera:
    :path: "../../node_modules/@capacitor/camera"
  CapacitorCommunityBackgroundGeolocation:
    :path: "../../node_modules/@capacitor-community/background-geolocation"
  CapacitorCommunitySqlite:
    :path: "../../node_modules/@capacitor-community/sqlite"
  CapacitorCordova:
    :path: "../../node_modules/@capacitor/ios"
  CapacitorFilesystem:
    :path: "../../node_modules/@capacitor/filesystem"
  CapacitorNetwork:
    :path: "../../node_modules/@capacitor/network"
  CapacitorPreferences:
    :path: "../../node_modules/@capacitor/preferences"
  CapacitorShare:
    :path: "../../node_modules/@capacitor/share"
  CapacitorZip:
    :path: "../../node_modules/capacitor-zip"
  CapawesomeCapacitorFilePicker:
    :path: "../../node_modules/@capawesome/capacitor-file-picker"
  CordovaPlugins:
    :path: "../capacitor-cordova-ios-plugins"
  CordovaPluginsResources:
    :path: "../capacitor-cordova-ios-plugins"

SPEC CHECKSUMS:
  Capacitor: 69c7f687aabb8d85e543497411e40638b5cc08c0
  CapacitorApp: f51c08c64df914fc934239fd1b3fc809d62a02f6
  CapacitorCamera: 65a0d1235114a6a5042e664d6da8d213927f7aa0
  CapacitorCommunityBackgroundGeolocation: 834a8f8eca8ebada8debffe1236e5674b831cead
  CapacitorCommunitySqlite: 0299d20f4b00c2e6aa485a1d8932656753937b9b
  CapacitorCordova: f48c89f96c319101cd2f0ce8a2b7449b5fb8b3dd
  CapacitorFilesystem: 30941c0fea0773fcaedab18e262b339f5b9c06bc
  CapacitorNetwork: 24fe1068ded5d6dae1e4af7787d4abd3c6f3adc6
  CapacitorPreferences: 997d375b1962f98511e8b3d27a24d90cb8ca87fe
  CapacitorShare: 5d49f1b220e991372b4d5d34be9a6080a042bae4
  CapacitorZip: 7eb26d6865f6659b688e7bc4d5c7e03f6bc27abc
  CapawesomeCapacitorFilePicker: 48f0d18d047aa12b951abaa888e23d17d421e9ed
  CordovaPlugins: a21196b5c30b8e8a29adb31294db54fffb840412
  CordovaPluginsResources: 0c211f770ed91763a179ebcd9b9346e120b70662
  SQLCipher: 905b145f65f349f26da9e60a19901ad24adcd381
  SSZipArchive: fe6a26b2a54d5a0890f2567b5cc6de5caa600aef
  ZIPFoundation: d170fa8e270b2a32bef9dcdcabff5b8f1a5deced

PODFILE CHECKSUM: eb2564a163225807774b1a9afb2d68410a4208cc

COCOAPODS: 1.16.2
